// !$*UTF8*$!
{
	archiveVersion = 1;
	classes = {
	};
	objectVersion = 46;
	objects = {

/* Begin PBXBuildFile section */
		52B1D8A3A0F99FC4A31B8E73 /* Pods_Hotel_GardenUITests.framework in Frameworks */ = {isa = PBXBuildFile; fileRef = AA1CF9D0D81533390B468A25 /* Pods_Hotel_GardenUITests.framework */; };
		A509F04E1EDA01B500F8AC5D /* helpers.swift in Sources */ = {isa = PBXBuildFile; fileRef = A509F04D1EDA01B500F8AC5D /* helpers.swift */; };
		A509F0501EDA027F00F8AC5D /* HomeTableViewCells.swift in Sources */ = {isa = PBXBuildFile; fileRef = A509F04F1EDA027F00F8AC5D /* HomeTableViewCells.swift */; };
		A509F0561EDA28E900F8AC5D /* Setting.swift in Sources */ = {isa = PBXBuildFile; fileRef = A509F0551EDA28E900F8AC5D /* Setting.swift */; };
		A509F0581EDA3E5600F8AC5D /* LoginViewController.swift in Sources */ = {isa = PBXBuildFile; fileRef = A509F0571EDA3E5600F8AC5D /* LoginViewController.swift */; };
		A509F05A1EDA468D00F8AC5D /* LoginView.swift in Sources */ = {isa = PBXBuildFile; fileRef = A509F0591EDA468D00F8AC5D /* LoginView.swift */; };
		A529F72E1EDB8B1A0054BA57 /* ConsumosViewController.swift in Sources */ = {isa = PBXBuildFile; fileRef = A529F72D1EDB8B1A0054BA57 /* ConsumosViewController.swift */; };
		A529F7301EDB8F140054BA57 /* ServiciosViewController.swift in Sources */ = {isa = PBXBuildFile; fileRef = A529F72F1EDB8F140054BA57 /* ServiciosViewController.swift */; };
		A529F7321EDB8F960054BA57 /* MantenimientosViewController.swift in Sources */ = {isa = PBXBuildFile; fileRef = A529F7311EDB8F960054BA57 /* MantenimientosViewController.swift */; };
		A529F7341EDD05370054BA57 /* PreviewConsumoTableViewCell.swift in Sources */ = {isa = PBXBuildFile; fileRef = A529F7331EDD05370054BA57 /* PreviewConsumoTableViewCell.swift */; };
		A529F7361EDD19C80054BA57 /* DetailConsumoTableViewCell.swift in Sources */ = {isa = PBXBuildFile; fileRef = A529F7351EDD19C80054BA57 /* DetailConsumoTableViewCell.swift */; };
		A529F73A1EDD1ADD0054BA57 /* DetailConsumoTableViewController.swift in Sources */ = {isa = PBXBuildFile; fileRef = A529F7391EDD1ADD0054BA57 /* DetailConsumoTableViewController.swift */; };
		A536E8851EE66AED001E59F2 /* SweetAlert.swift in Sources */ = {isa = PBXBuildFile; fileRef = A536E8841EE66AED001E59F2 /* SweetAlert.swift */; };
		A562F27C1EE4C7CC008FEBF3 /* LoadingView.swift in Sources */ = {isa = PBXBuildFile; fileRef = A562F27B1EE4C7CC008FEBF3 /* LoadingView.swift */; };
		A562F27E1EE4CD8A008FEBF3 /* MensajeError.swift in Sources */ = {isa = PBXBuildFile; fileRef = A562F27D1EE4CD8A008FEBF3 /* MensajeError.swift */; };
		A562FA2D1EE4EDD000DDE9B0 /* FormularioServicioTableViewCell.swift in Sources */ = {isa = PBXBuildFile; fileRef = A562FA2C1EE4EDD000DDE9B0 /* FormularioServicioTableViewCell.swift */; };
		A562FA2F1EE50E4600DDE9B0 /* Location.swift in Sources */ = {isa = PBXBuildFile; fileRef = A562FA2E1EE50E4600DDE9B0 /* Location.swift */; };
		A5ABF8461ED9306F003FA132 /* AppDelegate.swift in Sources */ = {isa = PBXBuildFile; fileRef = A5ABF8451ED9306F003FA132 /* AppDelegate.swift */; };
		A5ABF8481ED9306F003FA132 /* HomeViewController.swift in Sources */ = {isa = PBXBuildFile; fileRef = A5ABF8471ED9306F003FA132 /* HomeViewController.swift */; };
		A5ABF84B1ED9306F003FA132 /* Main.storyboard in Resources */ = {isa = PBXBuildFile; fileRef = A5ABF8491ED9306F003FA132 /* Main.storyboard */; };
		A5ABF84E1ED9306F003FA132 /* Hotel_Garden.xcdatamodeld in Sources */ = {isa = PBXBuildFile; fileRef = A5ABF84C1ED9306F003FA132 /* Hotel_Garden.xcdatamodeld */; };
		A5ABF8501ED9306F003FA132 /* Assets.xcassets in Resources */ = {isa = PBXBuildFile; fileRef = A5ABF84F1ED9306F003FA132 /* Assets.xcassets */; };
		A5ABF8531ED9306F003FA132 /* LaunchScreen.storyboard in Resources */ = {isa = PBXBuildFile; fileRef = A5ABF8511ED9306F003FA132 /* LaunchScreen.storyboard */; };
		A5ABF85E1ED9306F003FA132 /* Hotel_GardenTests.swift in Sources */ = {isa = PBXBuildFile; fileRef = A5ABF85D1ED9306F003FA132 /* Hotel_GardenTests.swift */; };
		A5ABF8691ED9306F003FA132 /* Hotel_GardenUITests.swift in Sources */ = {isa = PBXBuildFile; fileRef = A5ABF8681ED9306F003FA132 /* Hotel_GardenUITests.swift */; };
		A5E073381EE3D8EE0098A2A8 /* Solicitud.swift in Sources */ = {isa = PBXBuildFile; fileRef = A5E073371EE3D8EE0098A2A8 /* Solicitud.swift */; };
		A5E0733A1EE3E3DD0098A2A8 /* MantenimientoTableViewCell.swift in Sources */ = {isa = PBXBuildFile; fileRef = A5E073391EE3E3DD0098A2A8 /* MantenimientoTableViewCell.swift */; };
		A5E0733C1EE3E8BF0098A2A8 /* CreateMantenimientoViewController.swift in Sources */ = {isa = PBXBuildFile; fileRef = A5E0733B1EE3E8BF0098A2A8 /* CreateMantenimientoViewController.swift */; };
		A5FCB7641EE718350041A8C8 /* EditMantenimientoViewController.swift in Sources */ = {isa = PBXBuildFile; fileRef = A5FCB7631EE718350041A8C8 /* EditMantenimientoViewController.swift */; };
		B705F0F9234F6C3FA8AE672B /* Pods_Hotel_Garden.framework in Frameworks */ = {isa = PBXBuildFile; fileRef = 54F8E4D2C57BFB692459994B /* Pods_Hotel_Garden.framework */; };
		D5DAE3DDF5281238DA85F672 /* Pods_Hotel_GardenTests.framework in Frameworks */ = {isa = PBXBuildFile; fileRef = 1EE0864E2D8EB5E681D8474C /* Pods_Hotel_GardenTests.framework */; };
/* End PBXBuildFile section */

/* Begin PBXContainerItemProxy section */
		A5ABF85A1ED9306F003FA132 /* PBXContainerItemProxy */ = {
			isa = PBXContainerItemProxy;
			containerPortal = A5ABF83A1ED9306F003FA132 /* Project object */;
			proxyType = 1;
			remoteGlobalIDString = A5ABF8411ED9306F003FA132;
			remoteInfo = "Hotel Garden";
		};
		A5ABF8651ED9306F003FA132 /* PBXContainerItemProxy */ = {
			isa = PBXContainerItemProxy;
			containerPortal = A5ABF83A1ED9306F003FA132 /* Project object */;
			proxyType = 1;
			remoteGlobalIDString = A5ABF8411ED9306F003FA132;
			remoteInfo = "Hotel Garden";
		};
/* End PBXContainerItemProxy section */

/* Begin PBXFileReference section */
		1EE0864E2D8EB5E681D8474C /* Pods_Hotel_GardenTests.framework */ = {isa = PBXFileReference; explicitFileType = wrapper.framework; includeInIndex = 0; path = Pods_Hotel_GardenTests.framework; sourceTree = BUILT_PRODUCTS_DIR; };
		2EA9766DBE57067C5EDC2DE9 /* Pods-Hotel Garden.debug.xcconfig */ = {isa = PBXFileReference; includeInIndex = 1; lastKnownFileType = text.xcconfig; name = "Pods-Hotel Garden.debug.xcconfig"; path = "Pods/Target Support Files/Pods-Hotel Garden/Pods-Hotel Garden.debug.xcconfig"; sourceTree = "<group>"; };
		48CB91DA5E713E857A5DE8E5 /* Pods-Hotel GardenTests.debug.xcconfig */ = {isa = PBXFileReference; includeInIndex = 1; lastKnownFileType = text.xcconfig; name = "Pods-Hotel GardenTests.debug.xcconfig"; path = "Pods/Target Support Files/Pods-Hotel GardenTests/Pods-Hotel GardenTests.debug.xcconfig"; sourceTree = "<group>"; };
		54F8E4D2C57BFB692459994B /* Pods_Hotel_Garden.framework */ = {isa = PBXFileReference; explicitFileType = wrapper.framework; includeInIndex = 0; path = Pods_Hotel_Garden.framework; sourceTree = BUILT_PRODUCTS_DIR; };
		9AEA2DA695AE75F4251C255B /* Pods-Hotel GardenTests.release.xcconfig */ = {isa = PBXFileReference; includeInIndex = 1; lastKnownFileType = text.xcconfig; name = "Pods-Hotel GardenTests.release.xcconfig"; path = "Pods/Target Support Files/Pods-Hotel GardenTests/Pods-Hotel GardenTests.release.xcconfig"; sourceTree = "<group>"; };
		A509F04D1EDA01B500F8AC5D /* helpers.swift */ = {isa = PBXFileReference; fileEncoding = 4; lastKnownFileType = sourcecode.swift; path = helpers.swift; sourceTree = "<group>"; };
		A509F04F1EDA027F00F8AC5D /* HomeTableViewCells.swift */ = {isa = PBXFileReference; fileEncoding = 4; lastKnownFileType = sourcecode.swift; path = HomeTableViewCells.swift; sourceTree = "<group>"; };
		A509F0551EDA28E900F8AC5D /* Setting.swift */ = {isa = PBXFileReference; fileEncoding = 4; lastKnownFileType = sourcecode.swift; path = Setting.swift; sourceTree = "<group>"; };
		A509F0571EDA3E5600F8AC5D /* LoginViewController.swift */ = {isa = PBXFileReference; fileEncoding = 4; lastKnownFileType = sourcecode.swift; path = LoginViewController.swift; sourceTree = "<group>"; };
		A509F0591EDA468D00F8AC5D /* LoginView.swift */ = {isa = PBXFileReference; fileEncoding = 4; lastKnownFileType = sourcecode.swift; path = LoginView.swift; sourceTree = "<group>"; };
		A529F72D1EDB8B1A0054BA57 /* ConsumosViewController.swift */ = {isa = PBXFileReference; fileEncoding = 4; lastKnownFileType = sourcecode.swift; path = ConsumosViewController.swift; sourceTree = "<group>"; };
		A529F72F1EDB8F140054BA57 /* ServiciosViewController.swift */ = {isa = PBXFileReference; fileEncoding = 4; lastKnownFileType = sourcecode.swift; path = ServiciosViewController.swift; sourceTree = "<group>"; };
		A529F7311EDB8F960054BA57 /* MantenimientosViewController.swift */ = {isa = PBXFileReference; fileEncoding = 4; lastKnownFileType = sourcecode.swift; path = MantenimientosViewController.swift; sourceTree = "<group>"; };
		A529F7331EDD05370054BA57 /* PreviewConsumoTableViewCell.swift */ = {isa = PBXFileReference; fileEncoding = 4; lastKnownFileType = sourcecode.swift; path = PreviewConsumoTableViewCell.swift; sourceTree = "<group>"; };
		A529F7351EDD19C80054BA57 /* DetailConsumoTableViewCell.swift */ = {isa = PBXFileReference; fileEncoding = 4; lastKnownFileType = sourcecode.swift; path = DetailConsumoTableViewCell.swift; sourceTree = "<group>"; };
		A529F7391EDD1ADD0054BA57 /* DetailConsumoTableViewController.swift */ = {isa = PBXFileReference; fileEncoding = 4; lastKnownFileType = sourcecode.swift; path = DetailConsumoTableViewController.swift; sourceTree = "<group>"; };
		A536E8841EE66AED001E59F2 /* SweetAlert.swift */ = {isa = PBXFileReference; fileEncoding = 4; lastKnownFileType = sourcecode.swift; path = SweetAlert.swift; sourceTree = "<group>"; };
		A562F27B1EE4C7CC008FEBF3 /* LoadingView.swift */ = {isa = PBXFileReference; fileEncoding = 4; lastKnownFileType = sourcecode.swift; path = LoadingView.swift; sourceTree = "<group>"; };
		A562F27D1EE4CD8A008FEBF3 /* MensajeError.swift */ = {isa = PBXFileReference; fileEncoding = 4; lastKnownFileType = sourcecode.swift; path = MensajeError.swift; sourceTree = "<group>"; };
		A562FA2C1EE4EDD000DDE9B0 /* FormularioServicioTableViewCell.swift */ = {isa = PBXFileReference; fileEncoding = 4; lastKnownFileType = sourcecode.swift; path = FormularioServicioTableViewCell.swift; sourceTree = "<group>"; };
		A562FA2E1EE50E4600DDE9B0 /* Location.swift */ = {isa = PBXFileReference; fileEncoding = 4; lastKnownFileType = sourcecode.swift; path = Location.swift; sourceTree = "<group>"; };
		A5ABF8421ED9306F003FA132 /* Hotel Garden.app */ = {isa = PBXFileReference; explicitFileType = wrapper.application; includeInIndex = 0; path = "Hotel Garden.app"; sourceTree = BUILT_PRODUCTS_DIR; };
		A5ABF8451ED9306F003FA132 /* AppDelegate.swift */ = {isa = PBXFileReference; lastKnownFileType = sourcecode.swift; path = AppDelegate.swift; sourceTree = "<group>"; };
		A5ABF8471ED9306F003FA132 /* HomeViewController.swift */ = {isa = PBXFileReference; lastKnownFileType = sourcecode.swift; path = HomeViewController.swift; sourceTree = "<group>"; };
		A5ABF84A1ED9306F003FA132 /* Base */ = {isa = PBXFileReference; lastKnownFileType = file.storyboard; name = Base; path = Base.lproj/Main.storyboard; sourceTree = "<group>"; };
		A5ABF84D1ED9306F003FA132 /* Hotel_Garden.xcdatamodel */ = {isa = PBXFileReference; lastKnownFileType = wrapper.xcdatamodel; path = Hotel_Garden.xcdatamodel; sourceTree = "<group>"; };
		A5ABF84F1ED9306F003FA132 /* Assets.xcassets */ = {isa = PBXFileReference; lastKnownFileType = folder.assetcatalog; path = Assets.xcassets; sourceTree = "<group>"; };
		A5ABF8521ED9306F003FA132 /* Base */ = {isa = PBXFileReference; lastKnownFileType = file.storyboard; name = Base; path = Base.lproj/LaunchScreen.storyboard; sourceTree = "<group>"; };
		A5ABF8541ED9306F003FA132 /* Info.plist */ = {isa = PBXFileReference; lastKnownFileType = text.plist.xml; path = Info.plist; sourceTree = "<group>"; };
		A5ABF8591ED9306F003FA132 /* Hotel GardenTests.xctest */ = {isa = PBXFileReference; explicitFileType = wrapper.cfbundle; includeInIndex = 0; path = "Hotel GardenTests.xctest"; sourceTree = BUILT_PRODUCTS_DIR; };
		A5ABF85D1ED9306F003FA132 /* Hotel_GardenTests.swift */ = {isa = PBXFileReference; lastKnownFileType = sourcecode.swift; path = Hotel_GardenTests.swift; sourceTree = "<group>"; };
		A5ABF85F1ED9306F003FA132 /* Info.plist */ = {isa = PBXFileReference; lastKnownFileType = text.plist.xml; path = Info.plist; sourceTree = "<group>"; };
		A5ABF8641ED9306F003FA132 /* Hotel GardenUITests.xctest */ = {isa = PBXFileReference; explicitFileType = wrapper.cfbundle; includeInIndex = 0; path = "Hotel GardenUITests.xctest"; sourceTree = BUILT_PRODUCTS_DIR; };
		A5ABF8681ED9306F003FA132 /* Hotel_GardenUITests.swift */ = {isa = PBXFileReference; lastKnownFileType = sourcecode.swift; path = Hotel_GardenUITests.swift; sourceTree = "<group>"; };
		A5ABF86A1ED9306F003FA132 /* Info.plist */ = {isa = PBXFileReference; lastKnownFileType = text.plist.xml; path = Info.plist; sourceTree = "<group>"; };
		A5E073371EE3D8EE0098A2A8 /* Solicitud.swift */ = {isa = PBXFileReference; fileEncoding = 4; lastKnownFileType = sourcecode.swift; path = Solicitud.swift; sourceTree = "<group>"; };
		A5E073391EE3E3DD0098A2A8 /* MantenimientoTableViewCell.swift */ = {isa = PBXFileReference; fileEncoding = 4; lastKnownFileType = sourcecode.swift; path = MantenimientoTableViewCell.swift; sourceTree = "<group>"; };
		A5E0733B1EE3E8BF0098A2A8 /* CreateMantenimientoViewController.swift */ = {isa = PBXFileReference; fileEncoding = 4; lastKnownFileType = sourcecode.swift; path = CreateMantenimientoViewController.swift; sourceTree = "<group>"; };
		A5FCB7631EE718350041A8C8 /* EditMantenimientoViewController.swift */ = {isa = PBXFileReference; fileEncoding = 4; lastKnownFileType = sourcecode.swift; path = EditMantenimientoViewController.swift; sourceTree = "<group>"; };
		AA1CF9D0D81533390B468A25 /* Pods_Hotel_GardenUITests.framework */ = {isa = PBXFileReference; explicitFileType = wrapper.framework; includeInIndex = 0; path = Pods_Hotel_GardenUITests.framework; sourceTree = BUILT_PRODUCTS_DIR; };
		CF643CEB88B3AD86752F97E2 /* Pods-Hotel GardenUITests.release.xcconfig */ = {isa = PBXFileReference; includeInIndex = 1; lastKnownFileType = text.xcconfig; name = "Pods-Hotel GardenUITests.release.xcconfig"; path = "Pods/Target Support Files/Pods-Hotel GardenUITests/Pods-Hotel GardenUITests.release.xcconfig"; sourceTree = "<group>"; };
		E35C7DBBE1B5FDE411A408C8 /* Pods-Hotel Garden.release.xcconfig */ = {isa = PBXFileReference; includeInIndex = 1; lastKnownFileType = text.xcconfig; name = "Pods-Hotel Garden.release.xcconfig"; path = "Pods/Target Support Files/Pods-Hotel Garden/Pods-Hotel Garden.release.xcconfig"; sourceTree = "<group>"; };
		E9EE952E347BCBEDCFC05A78 /* Pods-Hotel GardenUITests.debug.xcconfig */ = {isa = PBXFileReference; includeInIndex = 1; lastKnownFileType = text.xcconfig; name = "Pods-Hotel GardenUITests.debug.xcconfig"; path = "Pods/Target Support Files/Pods-Hotel GardenUITests/Pods-Hotel GardenUITests.debug.xcconfig"; sourceTree = "<group>"; };
/* End PBXFileReference section */

/* Begin PBXFrameworksBuildPhase section */
		A5ABF83F1ED9306F003FA132 /* Frameworks */ = {
			isa = PBXFrameworksBuildPhase;
			buildActionMask = 2147483647;
			files = (
				B705F0F9234F6C3FA8AE672B /* Pods_Hotel_Garden.framework in Frameworks */,
			);
			runOnlyForDeploymentPostprocessing = 0;
		};
		A5ABF8561ED9306F003FA132 /* Frameworks */ = {
			isa = PBXFrameworksBuildPhase;
			buildActionMask = 2147483647;
			files = (
				D5DAE3DDF5281238DA85F672 /* Pods_Hotel_GardenTests.framework in Frameworks */,
			);
			runOnlyForDeploymentPostprocessing = 0;
		};
		A5ABF8611ED9306F003FA132 /* Frameworks */ = {
			isa = PBXFrameworksBuildPhase;
			buildActionMask = 2147483647;
			files = (
				52B1D8A3A0F99FC4A31B8E73 /* Pods_Hotel_GardenUITests.framework in Frameworks */,
			);
			runOnlyForDeploymentPostprocessing = 0;
		};
/* End PBXFrameworksBuildPhase section */

/* Begin PBXGroup section */
		9FC2B5B3B2B716EAD13DEA61 /* Pods */ = {
			isa = PBXGroup;
			children = (
				2EA9766DBE57067C5EDC2DE9 /* Pods-Hotel Garden.debug.xcconfig */,
				E35C7DBBE1B5FDE411A408C8 /* Pods-Hotel Garden.release.xcconfig */,
				48CB91DA5E713E857A5DE8E5 /* Pods-Hotel GardenTests.debug.xcconfig */,
				9AEA2DA695AE75F4251C255B /* Pods-Hotel GardenTests.release.xcconfig */,
				E9EE952E347BCBEDCFC05A78 /* Pods-Hotel GardenUITests.debug.xcconfig */,
				CF643CEB88B3AD86752F97E2 /* Pods-Hotel GardenUITests.release.xcconfig */,
			);
			name = Pods;
			sourceTree = "<group>";
		};
		A509F0491EDA017600F8AC5D /* models */ = {
			isa = PBXGroup;
			children = (
				A509F0551EDA28E900F8AC5D /* Setting.swift */,
				A5E073371EE3D8EE0098A2A8 /* Solicitud.swift */,
				A562FA2E1EE50E4600DDE9B0 /* Location.swift */,
			);
			name = models;
			sourceTree = "<group>";
		};
		A509F04A1EDA017F00F8AC5D /* views */ = {
			isa = PBXGroup;
			children = (
				A529F7351EDD19C80054BA57 /* DetailConsumoTableViewCell.swift */,
				A562FA2C1EE4EDD000DDE9B0 /* FormularioServicioTableViewCell.swift */,
				A509F04F1EDA027F00F8AC5D /* HomeTableViewCells.swift */,
				A509F0591EDA468D00F8AC5D /* LoginView.swift */,
				A5E073391EE3E3DD0098A2A8 /* MantenimientoTableViewCell.swift */,
				A529F7331EDD05370054BA57 /* PreviewConsumoTableViewCell.swift */,
				A5ABF8491ED9306F003FA132 /* Main.storyboard */,
			);
			name = views;
			sourceTree = "<group>";
		};
		A509F04B1EDA018E00F8AC5D /* controllers */ = {
			isa = PBXGroup;
			children = (
				A529F72D1EDB8B1A0054BA57 /* ConsumosViewController.swift */,
				A529F7391EDD1ADD0054BA57 /* DetailConsumoTableViewController.swift */,
				A5FCB7631EE718350041A8C8 /* EditMantenimientoViewController.swift */,
				A5ABF8471ED9306F003FA132 /* HomeViewController.swift */,
				A509F0571EDA3E5600F8AC5D /* LoginViewController.swift */,
				A529F7311EDB8F960054BA57 /* MantenimientosViewController.swift */,
				A529F72F1EDB8F140054BA57 /* ServiciosViewController.swift */,
				A5E0733B1EE3E8BF0098A2A8 /* CreateMantenimientoViewController.swift */,
			);
			name = controllers;
			sourceTree = "<group>";
		};
		A509F04C1EDA01A300F8AC5D /* helpers */ = {
			isa = PBXGroup;
			children = (
				A509F04D1EDA01B500F8AC5D /* helpers.swift */,
				A562F27B1EE4C7CC008FEBF3 /* LoadingView.swift */,
				A562F27D1EE4CD8A008FEBF3 /* MensajeError.swift */,
				A536E8841EE66AED001E59F2 /* SweetAlert.swift */,
			);
			name = helpers;
			sourceTree = "<group>";
		};
		A5ABF8391ED9306F003FA132 = {
			isa = PBXGroup;
			children = (
				A5ABF8441ED9306F003FA132 /* Hotel Garden */,
				A5ABF85C1ED9306F003FA132 /* Hotel GardenTests */,
				A5ABF8671ED9306F003FA132 /* Hotel GardenUITests */,
				A5ABF8431ED9306F003FA132 /* Products */,
				9FC2B5B3B2B716EAD13DEA61 /* Pods */,
				F49A36FD3B98430900963903 /* Frameworks */,
			);
			sourceTree = "<group>";
		};
		A5ABF8431ED9306F003FA132 /* Products */ = {
			isa = PBXGroup;
			children = (
				A5ABF8421ED9306F003FA132 /* Hotel Garden.app */,
				A5ABF8591ED9306F003FA132 /* Hotel GardenTests.xctest */,
				A5ABF8641ED9306F003FA132 /* Hotel GardenUITests.xctest */,
			);
			name = Products;
			sourceTree = "<group>";
		};
		A5ABF8441ED9306F003FA132 /* Hotel Garden */ = {
			isa = PBXGroup;
			children = (
				A5ABF8451ED9306F003FA132 /* AppDelegate.swift */,
				A509F0491EDA017600F8AC5D /* models */,
				A509F04A1EDA017F00F8AC5D /* views */,
				A509F04B1EDA018E00F8AC5D /* controllers */,
				A5ABF84F1ED9306F003FA132 /* Assets.xcassets */,
				A5ABF8511ED9306F003FA132 /* LaunchScreen.storyboard */,
				A5ABF8541ED9306F003FA132 /* Info.plist */,
				A5ABF84C1ED9306F003FA132 /* Hotel_Garden.xcdatamodeld */,
				A509F04C1EDA01A300F8AC5D /* helpers */,
			);
			path = "Hotel Garden";
			sourceTree = "<group>";
		};
		A5ABF85C1ED9306F003FA132 /* Hotel GardenTests */ = {
			isa = PBXGroup;
			children = (
				A5ABF85D1ED9306F003FA132 /* Hotel_GardenTests.swift */,
				A5ABF85F1ED9306F003FA132 /* Info.plist */,
			);
			path = "Hotel GardenTests";
			sourceTree = "<group>";
		};
		A5ABF8671ED9306F003FA132 /* Hotel GardenUITests */ = {
			isa = PBXGroup;
			children = (
				A5ABF8681ED9306F003FA132 /* Hotel_GardenUITests.swift */,
				A5ABF86A1ED9306F003FA132 /* Info.plist */,
			);
			path = "Hotel GardenUITests";
			sourceTree = "<group>";
		};
		F49A36FD3B98430900963903 /* Frameworks */ = {
			isa = PBXGroup;
			children = (
				54F8E4D2C57BFB692459994B /* Pods_Hotel_Garden.framework */,
				1EE0864E2D8EB5E681D8474C /* Pods_Hotel_GardenTests.framework */,
				AA1CF9D0D81533390B468A25 /* Pods_Hotel_GardenUITests.framework */,
			);
			name = Frameworks;
			sourceTree = "<group>";
		};
/* End PBXGroup section */

/* Begin PBXNativeTarget section */
		A5ABF8411ED9306F003FA132 /* Hotel Garden */ = {
			isa = PBXNativeTarget;
			buildConfigurationList = A5ABF86D1ED9306F003FA132 /* Build configuration list for PBXNativeTarget "Hotel Garden" */;
			buildPhases = (
				D5FCF89EB9DADE89A01FDDC4 /* [CP] Check Pods Manifest.lock */,
				A5ABF83E1ED9306F003FA132 /* Sources */,
				A5ABF83F1ED9306F003FA132 /* Frameworks */,
				A5ABF8401ED9306F003FA132 /* Resources */,
				AF682A476824C88023EC878E /* [CP] Embed Pods Frameworks */,
				C03D29A892CA07D5501EAAB7 /* [CP] Copy Pods Resources */,
			);
			buildRules = (
			);
			dependencies = (
			);
			name = "Hotel Garden";
			productName = "Hotel Garden";
			productReference = A5ABF8421ED9306F003FA132 /* Hotel Garden.app */;
			productType = "com.apple.product-type.application";
		};
		A5ABF8581ED9306F003FA132 /* Hotel GardenTests */ = {
			isa = PBXNativeTarget;
			buildConfigurationList = A5ABF8701ED9306F003FA132 /* Build configuration list for PBXNativeTarget "Hotel GardenTests" */;
			buildPhases = (
				64354C77595079CF500F07A3 /* [CP] Check Pods Manifest.lock */,
				A5ABF8551ED9306F003FA132 /* Sources */,
				A5ABF8561ED9306F003FA132 /* Frameworks */,
				A5ABF8571ED9306F003FA132 /* Resources */,
				71C7E23176D66EC7234699E9 /* [CP] Embed Pods Frameworks */,
				40C3585F5D890EA3B7C70A3D /* [CP] Copy Pods Resources */,
			);
			buildRules = (
			);
			dependencies = (
				A5ABF85B1ED9306F003FA132 /* PBXTargetDependency */,
			);
			name = "Hotel GardenTests";
			productName = "Hotel GardenTests";
			productReference = A5ABF8591ED9306F003FA132 /* Hotel GardenTests.xctest */;
			productType = "com.apple.product-type.bundle.unit-test";
		};
		A5ABF8631ED9306F003FA132 /* Hotel GardenUITests */ = {
			isa = PBXNativeTarget;
			buildConfigurationList = A5ABF8731ED9306F003FA132 /* Build configuration list for PBXNativeTarget "Hotel GardenUITests" */;
			buildPhases = (
				D1EE86E09E6E0614F94B2775 /* [CP] Check Pods Manifest.lock */,
				A5ABF8601ED9306F003FA132 /* Sources */,
				A5ABF8611ED9306F003FA132 /* Frameworks */,
				A5ABF8621ED9306F003FA132 /* Resources */,
				0F0927FCB6E65D2E474CE132 /* [CP] Embed Pods Frameworks */,
				E7279B8B47536BE134471E33 /* [CP] Copy Pods Resources */,
			);
			buildRules = (
			);
			dependencies = (
				A5ABF8661ED9306F003FA132 /* PBXTargetDependency */,
			);
			name = "Hotel GardenUITests";
			productName = "Hotel GardenUITests";
			productReference = A5ABF8641ED9306F003FA132 /* Hotel GardenUITests.xctest */;
			productType = "com.apple.product-type.bundle.ui-testing";
		};
/* End PBXNativeTarget section */

/* Begin PBXProject section */
		A5ABF83A1ED9306F003FA132 /* Project object */ = {
			isa = PBXProject;
			attributes = {
				LastSwiftUpdateCheck = 0830;
				LastUpgradeCheck = 0830;
				ORGANIZATIONNAME = "Wilmer Mendoza";
				TargetAttributes = {
					A5ABF8411ED9306F003FA132 = {
						CreatedOnToolsVersion = 8.3.2;
						DevelopmentTeam = 645UX58X3D;
						ProvisioningStyle = Automatic;
					};
					A5ABF8581ED9306F003FA132 = {
						CreatedOnToolsVersion = 8.3.2;
						DevelopmentTeam = 645UX58X3D;
						ProvisioningStyle = Automatic;
						TestTargetID = A5ABF8411ED9306F003FA132;
					};
					A5ABF8631ED9306F003FA132 = {
						CreatedOnToolsVersion = 8.3.2;
						DevelopmentTeam = 645UX58X3D;
						ProvisioningStyle = Automatic;
						TestTargetID = A5ABF8411ED9306F003FA132;
					};
				};
			};
			buildConfigurationList = A5ABF83D1ED9306F003FA132 /* Build configuration list for PBXProject "Hotel Garden" */;
			compatibilityVersion = "Xcode 3.2";
			developmentRegion = English;
			hasScannedForEncodings = 0;
			knownRegions = (
				en,
				Base,
			);
			mainGroup = A5ABF8391ED9306F003FA132;
			productRefGroup = A5ABF8431ED9306F003FA132 /* Products */;
			projectDirPath = "";
			projectRoot = "";
			targets = (
				A5ABF8411ED9306F003FA132 /* Hotel Garden */,
				A5ABF8581ED9306F003FA132 /* Hotel GardenTests */,
				A5ABF8631ED9306F003FA132 /* Hotel GardenUITests */,
			);
		};
/* End PBXProject section */

/* Begin PBXResourcesBuildPhase section */
		A5ABF8401ED9306F003FA132 /* Resources */ = {
			isa = PBXResourcesBuildPhase;
			buildActionMask = 2147483647;
			files = (
				A5ABF8531ED9306F003FA132 /* LaunchScreen.storyboard in Resources */,
				A5ABF8501ED9306F003FA132 /* Assets.xcassets in Resources */,
				A5ABF84B1ED9306F003FA132 /* Main.storyboard in Resources */,
			);
			runOnlyForDeploymentPostprocessing = 0;
		};
		A5ABF8571ED9306F003FA132 /* Resources */ = {
			isa = PBXResourcesBuildPhase;
			buildActionMask = 2147483647;
			files = (
			);
			runOnlyForDeploymentPostprocessing = 0;
		};
		A5ABF8621ED9306F003FA132 /* Resources */ = {
			isa = PBXResourcesBuildPhase;
			buildActionMask = 2147483647;
			files = (
			);
			runOnlyForDeploymentPostprocessing = 0;
		};
/* End PBXResourcesBuildPhase section */

/* Begin PBXShellScriptBuildPhase section */
		0F0927FCB6E65D2E474CE132 /* [CP] Embed Pods Frameworks */ = {
			isa = PBXShellScriptBuildPhase;
			buildActionMask = 2147483647;
			files = (
			);
			inputPaths = (
			);
			name = "[CP] Embed Pods Frameworks";
			outputPaths = (
			);
			runOnlyForDeploymentPostprocessing = 0;
			shellPath = /bin/sh;
			shellScript = "\"${SRCROOT}/Pods/Target Support Files/Pods-Hotel GardenUITests/Pods-Hotel GardenUITests-frameworks.sh\"\n";
			showEnvVarsInLog = 0;
		};
		40C3585F5D890EA3B7C70A3D /* [CP] Copy Pods Resources */ = {
			isa = PBXShellScriptBuildPhase;
			buildActionMask = 2147483647;
			files = (
			);
			inputPaths = (
			);
			name = "[CP] Copy Pods Resources";
			outputPaths = (
			);
			runOnlyForDeploymentPostprocessing = 0;
			shellPath = /bin/sh;
			shellScript = "\"${SRCROOT}/Pods/Target Support Files/Pods-Hotel GardenTests/Pods-Hotel GardenTests-resources.sh\"\n";
			showEnvVarsInLog = 0;
		};
		64354C77595079CF500F07A3 /* [CP] Check Pods Manifest.lock */ = {
			isa = PBXShellScriptBuildPhase;
			buildActionMask = 2147483647;
			files = (
			);
			inputPaths = (
			);
			name = "[CP] Check Pods Manifest.lock";
			outputPaths = (
			);
			runOnlyForDeploymentPostprocessing = 0;
			shellPath = /bin/sh;
			shellScript = "diff \"${PODS_PODFILE_DIR_PATH}/Podfile.lock\" \"${PODS_ROOT}/Manifest.lock\" > /dev/null\nif [ $? != 0 ] ; then\n    # print error to STDERR\n    echo \"error: The sandbox is not in sync with the Podfile.lock. Run 'pod install' or update your CocoaPods installation.\" >&2\n    exit 1\nfi\n";
			showEnvVarsInLog = 0;
		};
		71C7E23176D66EC7234699E9 /* [CP] Embed Pods Frameworks */ = {
			isa = PBXShellScriptBuildPhase;
			buildActionMask = 2147483647;
			files = (
			);
			inputPaths = (
			);
			name = "[CP] Embed Pods Frameworks";
			outputPaths = (
			);
			runOnlyForDeploymentPostprocessing = 0;
			shellPath = /bin/sh;
			shellScript = "\"${SRCROOT}/Pods/Target Support Files/Pods-Hotel GardenTests/Pods-Hotel GardenTests-frameworks.sh\"\n";
			showEnvVarsInLog = 0;
		};
		AF682A476824C88023EC878E /* [CP] Embed Pods Frameworks */ = {
			isa = PBXShellScriptBuildPhase;
			buildActionMask = 2147483647;
			files = (
			);
			inputPaths = (
			);
			name = "[CP] Embed Pods Frameworks";
			outputPaths = (
			);
			runOnlyForDeploymentPostprocessing = 0;
			shellPath = /bin/sh;
			shellScript = "\"${SRCROOT}/Pods/Target Support Files/Pods-Hotel Garden/Pods-Hotel Garden-frameworks.sh\"\n";
			showEnvVarsInLog = 0;
		};
		C03D29A892CA07D5501EAAB7 /* [CP] Copy Pods Resources */ = {
			isa = PBXShellScriptBuildPhase;
			buildActionMask = 2147483647;
			files = (
			);
			inputPaths = (
			);
			name = "[CP] Copy Pods Resources";
			outputPaths = (
			);
			runOnlyForDeploymentPostprocessing = 0;
			shellPath = /bin/sh;
			shellScript = "\"${SRCROOT}/Pods/Target Support Files/Pods-Hotel Garden/Pods-Hotel Garden-resources.sh\"\n";
			showEnvVarsInLog = 0;
		};
		D1EE86E09E6E0614F94B2775 /* [CP] Check Pods Manifest.lock */ = {
			isa = PBXShellScriptBuildPhase;
			buildActionMask = 2147483647;
			files = (
			);
			inputPaths = (
			);
			name = "[CP] Check Pods Manifest.lock";
			outputPaths = (
			);
			runOnlyForDeploymentPostprocessing = 0;
			shellPath = /bin/sh;
			shellScript = "diff \"${PODS_PODFILE_DIR_PATH}/Podfile.lock\" \"${PODS_ROOT}/Manifest.lock\" > /dev/null\nif [ $? != 0 ] ; then\n    # print error to STDERR\n    echo \"error: The sandbox is not in sync with the Podfile.lock. Run 'pod install' or update your CocoaPods installation.\" >&2\n    exit 1\nfi\n";
			showEnvVarsInLog = 0;
		};
		D5FCF89EB9DADE89A01FDDC4 /* [CP] Check Pods Manifest.lock */ = {
			isa = PBXShellScriptBuildPhase;
			buildActionMask = 2147483647;
			files = (
			);
			inputPaths = (
			);
			name = "[CP] Check Pods Manifest.lock";
			outputPaths = (
			);
			runOnlyForDeploymentPostprocessing = 0;
			shellPath = /bin/sh;
			shellScript = "diff \"${PODS_PODFILE_DIR_PATH}/Podfile.lock\" \"${PODS_ROOT}/Manifest.lock\" > /dev/null\nif [ $? != 0 ] ; then\n    # print error to STDERR\n    echo \"error: The sandbox is not in sync with the Podfile.lock. Run 'pod install' or update your CocoaPods installation.\" >&2\n    exit 1\nfi\n";
			showEnvVarsInLog = 0;
		};
		E7279B8B47536BE134471E33 /* [CP] Copy Pods Resources */ = {
			isa = PBXShellScriptBuildPhase;
			buildActionMask = 2147483647;
			files = (
			);
			inputPaths = (
			);
			name = "[CP] Copy Pods Resources";
			outputPaths = (
			);
			runOnlyForDeploymentPostprocessing = 0;
			shellPath = /bin/sh;
			shellScript = "\"${SRCROOT}/Pods/Target Support Files/Pods-Hotel GardenUITests/Pods-Hotel GardenUITests-resources.sh\"\n";
			showEnvVarsInLog = 0;
		};
/* End PBXShellScriptBuildPhase section */

/* Begin PBXSourcesBuildPhase section */
		A5ABF83E1ED9306F003FA132 /* Sources */ = {
			isa = PBXSourcesBuildPhase;
			buildActionMask = 2147483647;
			files = (
				A5E073381EE3D8EE0098A2A8 /* Solicitud.swift in Sources */,
				A529F7361EDD19C80054BA57 /* DetailConsumoTableViewCell.swift in Sources */,
				A509F0581EDA3E5600F8AC5D /* LoginViewController.swift in Sources */,
				A562F27E1EE4CD8A008FEBF3 /* MensajeError.swift in Sources */,
				A5FCB7641EE718350041A8C8 /* EditMantenimientoViewController.swift in Sources */,
				A509F0501EDA027F00F8AC5D /* HomeTableViewCells.swift in Sources */,
				A529F7321EDB8F960054BA57 /* MantenimientosViewController.swift in Sources */,
				A529F7341EDD05370054BA57 /* PreviewConsumoTableViewCell.swift in Sources */,
				A5E0733C1EE3E8BF0098A2A8 /* CreateMantenimientoViewController.swift in Sources */,
				A5ABF8481ED9306F003FA132 /* HomeViewController.swift in Sources */,
				A509F0561EDA28E900F8AC5D /* Setting.swift in Sources */,
				A529F73A1EDD1ADD0054BA57 /* DetailConsumoTableViewController.swift in Sources */,
				A5ABF8461ED9306F003FA132 /* AppDelegate.swift in Sources */,
				A529F72E1EDB8B1A0054BA57 /* ConsumosViewController.swift in Sources */,
				A536E8851EE66AED001E59F2 /* SweetAlert.swift in Sources */,
				A562FA2F1EE50E4600DDE9B0 /* Location.swift in Sources */,
				A529F7301EDB8F140054BA57 /* ServiciosViewController.swift in Sources */,
				A5E0733A1EE3E3DD0098A2A8 /* MantenimientoTableViewCell.swift in Sources */,
				A562FA2D1EE4EDD000DDE9B0 /* FormularioServicioTableViewCell.swift in Sources */,
				A5ABF84E1ED9306F003FA132 /* Hotel_Garden.xcdatamodeld in Sources */,
				A509F05A1EDA468D00F8AC5D /* LoginView.swift in Sources */,
				A509F04E1EDA01B500F8AC5D /* helpers.swift in Sources */,
				A562F27C1EE4C7CC008FEBF3 /* LoadingView.swift in Sources */,
			);
			runOnlyForDeploymentPostprocessing = 0;
		};
		A5ABF8551ED9306F003FA132 /* Sources */ = {
			isa = PBXSourcesBuildPhase;
			buildActionMask = 2147483647;
			files = (
				A5ABF85E1ED9306F003FA132 /* Hotel_GardenTests.swift in Sources */,
			);
			runOnlyForDeploymentPostprocessing = 0;
		};
		A5ABF8601ED9306F003FA132 /* Sources */ = {
			isa = PBXSourcesBuildPhase;
			buildActionMask = 2147483647;
			files = (
				A5ABF8691ED9306F003FA132 /* Hotel_GardenUITests.swift in Sources */,
			);
			runOnlyForDeploymentPostprocessing = 0;
		};
/* End PBXSourcesBuildPhase section */

/* Begin PBXTargetDependency section */
		A5ABF85B1ED9306F003FA132 /* PBXTargetDependency */ = {
			isa = PBXTargetDependency;
			target = A5ABF8411ED9306F003FA132 /* Hotel Garden */;
			targetProxy = A5ABF85A1ED9306F003FA132 /* PBXContainerItemProxy */;
		};
		A5ABF8661ED9306F003FA132 /* PBXTargetDependency */ = {
			isa = PBXTargetDependency;
			target = A5ABF8411ED9306F003FA132 /* Hotel Garden */;
			targetProxy = A5ABF8651ED9306F003FA132 /* PBXContainerItemProxy */;
		};
/* End PBXTargetDependency section */

/* Begin PBXVariantGroup section */
		A5ABF8491ED9306F003FA132 /* Main.storyboard */ = {
			isa = PBXVariantGroup;
			children = (
				A5ABF84A1ED9306F003FA132 /* Base */,
			);
			name = Main.storyboard;
			sourceTree = "<group>";
		};
		A5ABF8511ED9306F003FA132 /* LaunchScreen.storyboard */ = {
			isa = PBXVariantGroup;
			children = (
				A5ABF8521ED9306F003FA132 /* Base */,
			);
			name = LaunchScreen.storyboard;
			sourceTree = "<group>";
		};
/* End PBXVariantGroup section */

/* Begin XCBuildConfiguration section */
		A5ABF86B1ED9306F003FA132 /* Debug */ = {
			isa = XCBuildConfiguration;
			buildSettings = {
				ALWAYS_SEARCH_USER_PATHS = NO;
				CLANG_ANALYZER_NONNULL = YES;
				CLANG_ANALYZER_NUMBER_OBJECT_CONVERSION = YES_AGGRESSIVE;
				CLANG_CXX_LANGUAGE_STANDARD = "gnu++0x";
				CLANG_CXX_LIBRARY = "libc++";
				CLANG_ENABLE_MODULES = YES;
				CLANG_ENABLE_OBJC_ARC = YES;
				CLANG_WARN_BOOL_CONVERSION = YES;
				CLANG_WARN_CONSTANT_CONVERSION = YES;
				CLANG_WARN_DIRECT_OBJC_ISA_USAGE = YES_ERROR;
				CLANG_WARN_DOCUMENTATION_COMMENTS = YES;
				CLANG_WARN_EMPTY_BODY = YES;
				CLANG_WARN_ENUM_CONVERSION = YES;
				CLANG_WARN_INFINITE_RECURSION = YES;
				CLANG_WARN_INT_CONVERSION = YES;
				CLANG_WARN_OBJC_ROOT_CLASS = YES_ERROR;
				CLANG_WARN_SUSPICIOUS_MOVE = YES;
				CLANG_WARN_UNREACHABLE_CODE = YES;
				CLANG_WARN__DUPLICATE_METHOD_MATCH = YES;
				"CODE_SIGN_IDENTITY[sdk=iphoneos*]" = "iPhone Developer";
				COPY_PHASE_STRIP = NO;
				DEBUG_INFORMATION_FORMAT = dwarf;
				ENABLE_STRICT_OBJC_MSGSEND = YES;
				ENABLE_TESTABILITY = YES;
				GCC_C_LANGUAGE_STANDARD = gnu99;
				GCC_DYNAMIC_NO_PIC = NO;
				GCC_NO_COMMON_BLOCKS = YES;
				GCC_OPTIMIZATION_LEVEL = 0;
				GCC_PREPROCESSOR_DEFINITIONS = (
					"DEBUG=1",
					"$(inherited)",
				);
				GCC_WARN_64_TO_32_BIT_CONVERSION = YES;
				GCC_WARN_ABOUT_RETURN_TYPE = YES_ERROR;
				GCC_WARN_UNDECLARED_SELECTOR = YES;
				GCC_WARN_UNINITIALIZED_AUTOS = YES_AGGRESSIVE;
				GCC_WARN_UNUSED_FUNCTION = YES;
				GCC_WARN_UNUSED_VARIABLE = YES;
				IPHONEOS_DEPLOYMENT_TARGET = 10.3;
				MTL_ENABLE_DEBUG_INFO = YES;
				ONLY_ACTIVE_ARCH = YES;
				SDKROOT = iphoneos;
				SWIFT_ACTIVE_COMPILATION_CONDITIONS = DEBUG;
				SWIFT_OPTIMIZATION_LEVEL = "-Onone";
			};
			name = Debug;
		};
		A5ABF86C1ED9306F003FA132 /* Release */ = {
			isa = XCBuildConfiguration;
			buildSettings = {
				ALWAYS_SEARCH_USER_PATHS = NO;
				CLANG_ANALYZER_NONNULL = YES;
				CLANG_ANALYZER_NUMBER_OBJECT_CONVERSION = YES_AGGRESSIVE;
				CLANG_CXX_LANGUAGE_STANDARD = "gnu++0x";
				CLANG_CXX_LIBRARY = "libc++";
				CLANG_ENABLE_MODULES = YES;
				CLANG_ENABLE_OBJC_ARC = YES;
				CLANG_WARN_BOOL_CONVERSION = YES;
				CLANG_WARN_CONSTANT_CONVERSION = YES;
				CLANG_WARN_DIRECT_OBJC_ISA_USAGE = YES_ERROR;
				CLANG_WARN_DOCUMENTATION_COMMENTS = YES;
				CLANG_WARN_EMPTY_BODY = YES;
				CLANG_WARN_ENUM_CONVERSION = YES;
				CLANG_WARN_INFINITE_RECURSION = YES;
				CLANG_WARN_INT_CONVERSION = YES;
				CLANG_WARN_OBJC_ROOT_CLASS = YES_ERROR;
				CLANG_WARN_SUSPICIOUS_MOVE = YES;
				CLANG_WARN_UNREACHABLE_CODE = YES;
				CLANG_WARN__DUPLICATE_METHOD_MATCH = YES;
				"CODE_SIGN_IDENTITY[sdk=iphoneos*]" = "iPhone Developer";
				COPY_PHASE_STRIP = NO;
				DEBUG_INFORMATION_FORMAT = "dwarf-with-dsym";
				ENABLE_NS_ASSERTIONS = NO;
				ENABLE_STRICT_OBJC_MSGSEND = YES;
				GCC_C_LANGUAGE_STANDARD = gnu99;
				GCC_NO_COMMON_BLOCKS = YES;
				GCC_WARN_64_TO_32_BIT_CONVERSION = YES;
				GCC_WARN_ABOUT_RETURN_TYPE = YES_ERROR;
				GCC_WARN_UNDECLARED_SELECTOR = YES;
				GCC_WARN_UNINITIALIZED_AUTOS = YES_AGGRESSIVE;
				GCC_WARN_UNUSED_FUNCTION = YES;
				GCC_WARN_UNUSED_VARIABLE = YES;
				IPHONEOS_DEPLOYMENT_TARGET = 10.3;
				MTL_ENABLE_DEBUG_INFO = NO;
				SDKROOT = iphoneos;
				SWIFT_OPTIMIZATION_LEVEL = "-Owholemodule";
				VALIDATE_PRODUCT = YES;
			};
			name = Release;
		};
		A5ABF86E1ED9306F003FA132 /* Debug */ = {
			isa = XCBuildConfiguration;
			baseConfigurationReference = 2EA9766DBE57067C5EDC2DE9 /* Pods-Hotel Garden.debug.xcconfig */;
			buildSettings = {
				ASSETCATALOG_COMPILER_APPICON_NAME = AppIcon;
				"CODE_SIGN_IDENTITY[sdk=iphoneos*]" = "iPhone Developer";
				DEVELOPMENT_TEAM = 645UX58X3D;
				INFOPLIST_FILE = "Hotel Garden/Info.plist";
				IPHONEOS_DEPLOYMENT_TARGET = 10.0;
				LD_RUNPATH_SEARCH_PATHS = "$(inherited) @executable_path/Frameworks";
				PRODUCT_BUNDLE_IDENTIFIER = "com.wilmer.-.Hotel-Garden";
				PRODUCT_NAME = "$(TARGET_NAME)";
				PROVISIONING_PROFILE_SPECIFIER = "";
				SWIFT_VERSION = 3.0;
			};
			name = Debug;
		};
		A5ABF86F1ED9306F003FA132 /* Release */ = {
			isa = XCBuildConfiguration;
			baseConfigurationReference = E35C7DBBE1B5FDE411A408C8 /* Pods-Hotel Garden.release.xcconfig */;
			buildSettings = {
				ASSETCATALOG_COMPILER_APPICON_NAME = AppIcon;
				"CODE_SIGN_IDENTITY[sdk=iphoneos*]" = "iPhone Developer";
				DEVELOPMENT_TEAM = 645UX58X3D;
				INFOPLIST_FILE = "Hotel Garden/Info.plist";
				IPHONEOS_DEPLOYMENT_TARGET = 10.0;
				LD_RUNPATH_SEARCH_PATHS = "$(inherited) @executable_path/Frameworks";
				PRODUCT_BUNDLE_IDENTIFIER = "com.wilmer.-.Hotel-Garden";
				PRODUCT_NAME = "$(TARGET_NAME)";
				PROVISIONING_PROFILE_SPECIFIER = "";
				SWIFT_VERSION = 3.0;
			};
			name = Release;
		};
		A5ABF8711ED9306F003FA132 /* Debug */ = {
			isa = XCBuildConfiguration;
			baseConfigurationReference = 48CB91DA5E713E857A5DE8E5 /* Pods-Hotel GardenTests.debug.xcconfig */;
			buildSettings = {
				ALWAYS_EMBED_SWIFT_STANDARD_LIBRARIES = YES;
				BUNDLE_LOADER = "$(TEST_HOST)";
				DEVELOPMENT_TEAM = 645UX58X3D;
				INFOPLIST_FILE = "Hotel GardenTests/Info.plist";
				LD_RUNPATH_SEARCH_PATHS = "$(inherited) @executable_path/Frameworks @loader_path/Frameworks";
				PRODUCT_BUNDLE_IDENTIFIER = "com.wilmer.-.Hotel-GardenTests";
				PRODUCT_NAME = "$(TARGET_NAME)";
				SWIFT_VERSION = 3.0;
				TEST_HOST = "$(BUILT_PRODUCTS_DIR)/Hotel Garden.app/Hotel Garden";
			};
			name = Debug;
		};
		A5ABF8721ED9306F003FA132 /* Release */ = {
			isa = XCBuildConfiguration;
			baseConfigurationReference = 9AEA2DA695AE75F4251C255B /* Pods-Hotel GardenTests.release.xcconfig */;
			buildSettings = {
				ALWAYS_EMBED_SWIFT_STANDARD_LIBRARIES = YES;
				BUNDLE_LOADER = "$(TEST_HOST)";
				DEVELOPMENT_TEAM = 645UX58X3D;
				INFOPLIST_FILE = "Hotel GardenTests/Info.plist";
				LD_RUNPATH_SEARCH_PATHS = "$(inherited) @executable_path/Frameworks @loader_path/Frameworks";
				PRODUCT_BUNDLE_IDENTIFIER = "com.wilmer.-.Hotel-GardenTests";
				PRODUCT_NAME = "$(TARGET_NAME)";
				SWIFT_VERSION = 3.0;
				TEST_HOST = "$(BUILT_PRODUCTS_DIR)/Hotel Garden.app/Hotel Garden";
			};
			name = Release;
		};
		A5ABF8741ED9306F003FA132 /* Debug */ = {
			isa = XCBuildConfiguration;
			baseConfigurationReference = E9EE952E347BCBEDCFC05A78 /* Pods-Hotel GardenUITests.debug.xcconfig */;
			buildSettings = {
				ALWAYS_EMBED_SWIFT_STANDARD_LIBRARIES = YES;
				DEVELOPMENT_TEAM = 645UX58X3D;
				INFOPLIST_FILE = "Hotel GardenUITests/Info.plist";
				LD_RUNPATH_SEARCH_PATHS = "$(inherited) @executable_path/Frameworks @loader_path/Frameworks";
				PRODUCT_BUNDLE_IDENTIFIER = "com.wilmer.-.Hotel-GardenUITests";
				PRODUCT_NAME = "$(TARGET_NAME)";
				SWIFT_VERSION = 3.0;
				TEST_TARGET_NAME = "Hotel Garden";
			};
			name = Debug;
		};
		A5ABF8751ED9306F003FA132 /* Release */ = {
			isa = XCBuildConfiguration;
			baseConfigurationReference = CF643CEB88B3AD86752F97E2 /* Pods-Hotel GardenUITests.release.xcconfig */;
			buildSettings = {
				ALWAYS_EMBED_SWIFT_STANDARD_LIBRARIES = YES;
				DEVELOPMENT_TEAM = 645UX58X3D;
				INFOPLIST_FILE = "Hotel GardenUITests/Info.plist";
				LD_RUNPATH_SEARCH_PATHS = "$(inherited) @executable_path/Frameworks @loader_path/Frameworks";
				PRODUCT_BUNDLE_IDENTIFIER = "com.wilmer.-.Hotel-GardenUITests";
				PRODUCT_NAME = "$(TARGET_NAME)";
				SWIFT_VERSION = 3.0;
				TEST_TARGET_NAME = "Hotel Garden";
			};
			name = Release;
		};
/* End XCBuildConfiguration section */

/* Begin XCConfigurationList section */
		A5ABF83D1ED9306F003FA132 /* Build configuration list for PBXProject "Hotel Garden" */ = {
			isa = XCConfigurationList;
			buildConfigurations = (
				A5ABF86B1ED9306F003FA132 /* Debug */,
				A5ABF86C1ED9306F003FA132 /* Release */,
			);
			defaultConfigurationIsVisible = 0;
			defaultConfigurationName = Release;
		};
		A5ABF86D1ED9306F003FA132 /* Build configuration list for PBXNativeTarget "Hotel Garden" */ = {
			isa = XCConfigurationList;
			buildConfigurations = (
				A5ABF86E1ED9306F003FA132 /* Debug */,
				A5ABF86F1ED9306F003FA132 /* Release */,
			);
			defaultConfigurationIsVisible = 0;
			defaultConfigurationName = Release;
		};
		A5ABF8701ED9306F003FA132 /* Build configuration list for PBXNativeTarget "Hotel GardenTests" */ = {
			isa = XCConfigurationList;
			buildConfigurations = (
				A5ABF8711ED9306F003FA132 /* Debug */,
				A5ABF8721ED9306F003FA132 /* Release */,
			);
			defaultConfigurationIsVisible = 0;
			defaultConfigurationName = Release;
		};
		A5ABF8731ED9306F003FA132 /* Build configuration list for PBXNativeTarget "Hotel GardenUITests" */ = {
			isa = XCConfigurationList;
			buildConfigurations = (
				A5ABF8741ED9306F003FA132 /* Debug */,
				A5ABF8751ED9306F003FA132 /* Release */,
			);
			defaultConfigurationIsVisible = 0;
			defaultConfigurationName = Release;
		};
/* End XCConfigurationList section */

/* Begin XCVersionGroup section */
		A5ABF84C1ED9306F003FA132 /* Hotel_Garden.xcdatamodeld */ = {
			isa = XCVersionGroup;
			children = (
				A5ABF84D1ED9306F003FA132 /* Hotel_Garden.xcdatamodel */,
			);
			currentVersion = A5ABF84D1ED9306F003FA132 /* Hotel_Garden.xcdatamodel */;
			path = Hotel_Garden.xcdatamodeld;
			sourceTree = "<group>";
			versionGroupType = wrapper.xcdatamodel;
		};
/* End XCVersionGroup section */
	};
	rootObject = A5ABF83A1ED9306F003FA132 /* Project object */;
}
